// !$*UTF8*$!
{
	archiveVersion = 1;
	classes = {
	};
	objectVersion = 56;
	objects = {

/* Begin PBXBuildFile section */
		076809A1598537AB4EE3C36D /* Pods_CryptoExplorer.framework in Frameworks */ = {isa = PBXBuildFile; fileRef = 121A31ACEF0F81BA5C45513A /* Pods_CryptoExplorer.framework */; };
		1A31F045AEC3774E56CFBCF7 /* Pods_CryptoExplorer_CryptoExplorerUITests.framework in Frameworks */ = {isa = PBXBuildFile; fileRef = D4A21E2EFF766B77BB178CAC /* Pods_CryptoExplorer_CryptoExplorerUITests.framework */; };
		81930A202CFDC59600166E3C /* AppDelegate.swift in Sources */ = {isa = PBXBuildFile; fileRef = 81930A1F2CFDC59600166E3C /* AppDelegate.swift */; };
		81930A222CFDC59600166E3C /* SceneDelegate.swift in Sources */ = {isa = PBXBuildFile; fileRef = 81930A212CFDC59600166E3C /* SceneDelegate.swift */; };
		81930A242CFDC59600166E3C /* CryptoListViewController.swift in Sources */ = {isa = PBXBuildFile; fileRef = 81930A232CFDC59600166E3C /* CryptoListViewController.swift */; };
		81930A2A2CFDC59600166E3C /* CryptoExplorer.xcdatamodeld in Sources */ = {isa = PBXBuildFile; fileRef = 81930A282CFDC59600166E3C /* CryptoExplorer.xcdatamodeld */; };
		81930A2C2CFDC59800166E3C /* Assets.xcassets in Resources */ = {isa = PBXBuildFile; fileRef = 81930A2B2CFDC59800166E3C /* Assets.xcassets */; };
		81930A2F2CFDC59800166E3C /* LaunchScreen.storyboard in Resources */ = {isa = PBXBuildFile; fileRef = 81930A2D2CFDC59800166E3C /* LaunchScreen.storyboard */; };
		81930A3A2CFDC59800166E3C /* CryptoExplorerTests.swift in Sources */ = {isa = PBXBuildFile; fileRef = 81930A392CFDC59800166E3C /* CryptoExplorerTests.swift */; };
		81930A442CFDC59900166E3C /* CryptoExplorerUITests.swift in Sources */ = {isa = PBXBuildFile; fileRef = 81930A432CFDC59900166E3C /* CryptoExplorerUITests.swift */; };
		81930A462CFDC59900166E3C /* CryptoExplorerUITestsLaunchTests.swift in Sources */ = {isa = PBXBuildFile; fileRef = 81930A452CFDC59900166E3C /* CryptoExplorerUITestsLaunchTests.swift */; };
		A15DDD3DAFE514B1FAD01910 /* Pods_CryptoExplorerTests.framework in Frameworks */ = {isa = PBXBuildFile; fileRef = 70BEEAA9787E24E9C20EA4F7 /* Pods_CryptoExplorerTests.framework */; };
/* End PBXBuildFile section */

/* Begin PBXContainerItemProxy section */
		81930A362CFDC59800166E3C /* PBXContainerItemProxy */ = {
			isa = PBXContainerItemProxy;
			containerPortal = 81930A142CFDC59600166E3C /* Project object */;
			proxyType = 1;
			remoteGlobalIDString = 81930A1B2CFDC59600166E3C;
			remoteInfo = CryptoExplorer;
		};
		81930A402CFDC59900166E3C /* PBXContainerItemProxy */ = {
			isa = PBXContainerItemProxy;
			containerPortal = 81930A142CFDC59600166E3C /* Project object */;
			proxyType = 1;
			remoteGlobalIDString = 81930A1B2CFDC59600166E3C;
			remoteInfo = CryptoExplorer;
		};
/* End PBXContainerItemProxy section */

/* Begin PBXFileReference section */
		06B7C7C31F35CA67DBBCF4BD /* Pods-CryptoExplorerTests.release.xcconfig */ = {isa = PBXFileReference; includeInIndex = 1; lastKnownFileType = text.xcconfig; name = "Pods-CryptoExplorerTests.release.xcconfig"; path = "Target Support Files/Pods-CryptoExplorerTests/Pods-CryptoExplorerTests.release.xcconfig"; sourceTree = "<group>"; };
		121A31ACEF0F81BA5C45513A /* Pods_CryptoExplorer.framework */ = {isa = PBXFileReference; explicitFileType = wrapper.framework; includeInIndex = 0; path = Pods_CryptoExplorer.framework; sourceTree = BUILT_PRODUCTS_DIR; };
		25A17828CA11E32506D46086 /* Pods-CryptoExplorer-CryptoExplorerUITests.release.xcconfig */ = {isa = PBXFileReference; includeInIndex = 1; lastKnownFileType = text.xcconfig; name = "Pods-CryptoExplorer-CryptoExplorerUITests.release.xcconfig"; path = "Target Support Files/Pods-CryptoExplorer-CryptoExplorerUITests/Pods-CryptoExplorer-CryptoExplorerUITests.release.xcconfig"; sourceTree = "<group>"; };
		26958C88EF28593F5449E475 /* Pods-CryptoExplorer.debug.xcconfig */ = {isa = PBXFileReference; includeInIndex = 1; lastKnownFileType = text.xcconfig; name = "Pods-CryptoExplorer.debug.xcconfig"; path = "Target Support Files/Pods-CryptoExplorer/Pods-CryptoExplorer.debug.xcconfig"; sourceTree = "<group>"; };
		3E384FF395F62A973CDC8B84 /* Pods-CryptoExplorerTests.debug.xcconfig */ = {isa = PBXFileReference; includeInIndex = 1; lastKnownFileType = text.xcconfig; name = "Pods-CryptoExplorerTests.debug.xcconfig"; path = "Target Support Files/Pods-CryptoExplorerTests/Pods-CryptoExplorerTests.debug.xcconfig"; sourceTree = "<group>"; };
		70BEEAA9787E24E9C20EA4F7 /* Pods_CryptoExplorerTests.framework */ = {isa = PBXFileReference; explicitFileType = wrapper.framework; includeInIndex = 0; path = Pods_CryptoExplorerTests.framework; sourceTree = BUILT_PRODUCTS_DIR; };
		7ECDC61868B67449ABE16855 /* Pods-CryptoExplorer-CryptoExplorerUITests.debug.xcconfig */ = {isa = PBXFileReference; includeInIndex = 1; lastKnownFileType = text.xcconfig; name = "Pods-CryptoExplorer-CryptoExplorerUITests.debug.xcconfig"; path = "Target Support Files/Pods-CryptoExplorer-CryptoExplorerUITests/Pods-CryptoExplorer-CryptoExplorerUITests.debug.xcconfig"; sourceTree = "<group>"; };
		81930A1C2CFDC59600166E3C /* CryptoExplorer.app */ = {isa = PBXFileReference; explicitFileType = wrapper.application; includeInIndex = 0; path = CryptoExplorer.app; sourceTree = BUILT_PRODUCTS_DIR; };
		81930A1F2CFDC59600166E3C /* AppDelegate.swift */ = {isa = PBXFileReference; lastKnownFileType = sourcecode.swift; path = AppDelegate.swift; sourceTree = "<group>"; };
		81930A212CFDC59600166E3C /* SceneDelegate.swift */ = {isa = PBXFileReference; lastKnownFileType = sourcecode.swift; path = SceneDelegate.swift; sourceTree = "<group>"; };
		81930A232CFDC59600166E3C /* CryptoListViewController.swift */ = {isa = PBXFileReference; lastKnownFileType = sourcecode.swift; path = CryptoListViewController.swift; sourceTree = "<group>"; };
		81930A292CFDC59600166E3C /* CryptoExplorer.xcdatamodel */ = {isa = PBXFileReference; lastKnownFileType = wrapper.xcdatamodel; path = CryptoExplorer.xcdatamodel; sourceTree = "<group>"; };
		81930A2B2CFDC59800166E3C /* Assets.xcassets */ = {isa = PBXFileReference; lastKnownFileType = folder.assetcatalog; path = Assets.xcassets; sourceTree = "<group>"; };
		81930A2E2CFDC59800166E3C /* Base */ = {isa = PBXFileReference; lastKnownFileType = file.storyboard; name = Base; path = Base.lproj/LaunchScreen.storyboard; sourceTree = "<group>"; };
		81930A302CFDC59800166E3C /* Info.plist */ = {isa = PBXFileReference; lastKnownFileType = text.plist.xml; path = Info.plist; sourceTree = "<group>"; };
		81930A352CFDC59800166E3C /* CryptoExplorerTests.xctest */ = {isa = PBXFileReference; explicitFileType = wrapper.cfbundle; includeInIndex = 0; path = CryptoExplorerTests.xctest; sourceTree = BUILT_PRODUCTS_DIR; };
		81930A392CFDC59800166E3C /* CryptoExplorerTests.swift */ = {isa = PBXFileReference; lastKnownFileType = sourcecode.swift; path = CryptoExplorerTests.swift; sourceTree = "<group>"; };
		81930A3F2CFDC59900166E3C /* CryptoExplorerUITests.xctest */ = {isa = PBXFileReference; explicitFileType = wrapper.cfbundle; includeInIndex = 0; path = CryptoExplorerUITests.xctest; sourceTree = BUILT_PRODUCTS_DIR; };
		81930A432CFDC59900166E3C /* CryptoExplorerUITests.swift */ = {isa = PBXFileReference; lastKnownFileType = sourcecode.swift; path = CryptoExplorerUITests.swift; sourceTree = "<group>"; };
		81930A452CFDC59900166E3C /* CryptoExplorerUITestsLaunchTests.swift */ = {isa = PBXFileReference; lastKnownFileType = sourcecode.swift; path = CryptoExplorerUITestsLaunchTests.swift; sourceTree = "<group>"; };
		C9CFAFC3955FE897A8910F59 /* Pods-CryptoExplorer.release.xcconfig */ = {isa = PBXFileReference; includeInIndex = 1; lastKnownFileType = text.xcconfig; name = "Pods-CryptoExplorer.release.xcconfig"; path = "Target Support Files/Pods-CryptoExplorer/Pods-CryptoExplorer.release.xcconfig"; sourceTree = "<group>"; };
		D4A21E2EFF766B77BB178CAC /* Pods_CryptoExplorer_CryptoExplorerUITests.framework */ = {isa = PBXFileReference; explicitFileType = wrapper.framework; includeInIndex = 0; path = Pods_CryptoExplorer_CryptoExplorerUITests.framework; sourceTree = BUILT_PRODUCTS_DIR; };
/* End PBXFileReference section */

/* Begin PBXFrameworksBuildPhase section */
		81930A192CFDC59600166E3C /* Frameworks */ = {
			isa = PBXFrameworksBuildPhase;
			buildActionMask = 2147483647;
			files = (
				076809A1598537AB4EE3C36D /* Pods_CryptoExplorer.framework in Frameworks */,
			);
			runOnlyForDeploymentPostprocessing = 0;
		};
		81930A322CFDC59800166E3C /* Frameworks */ = {
			isa = PBXFrameworksBuildPhase;
			buildActionMask = 2147483647;
			files = (
				A15DDD3DAFE514B1FAD01910 /* Pods_CryptoExplorerTests.framework in Frameworks */,
			);
			runOnlyForDeploymentPostprocessing = 0;
		};
		81930A3C2CFDC59900166E3C /* Frameworks */ = {
			isa = PBXFrameworksBuildPhase;
			buildActionMask = 2147483647;
			files = (
				1A31F045AEC3774E56CFBCF7 /* Pods_CryptoExplorer_CryptoExplorerUITests.framework in Frameworks */,
			);
			runOnlyForDeploymentPostprocessing = 0;
		};
/* End PBXFrameworksBuildPhase section */

/* Begin PBXGroup section */
		462EEDC934B26DDA162D3F8E /* Frameworks */ = {
			isa = PBXGroup;
			children = (
				121A31ACEF0F81BA5C45513A /* Pods_CryptoExplorer.framework */,
				D4A21E2EFF766B77BB178CAC /* Pods_CryptoExplorer_CryptoExplorerUITests.framework */,
				70BEEAA9787E24E9C20EA4F7 /* Pods_CryptoExplorerTests.framework */,
			);
			name = Frameworks;
			sourceTree = "<group>";
		};
		81930A132CFDC59600166E3C = {
			isa = PBXGroup;
			children = (
				81930A1E2CFDC59600166E3C /* CryptoExplorer */,
				81930A382CFDC59800166E3C /* CryptoExplorerTests */,
				81930A422CFDC59900166E3C /* CryptoExplorerUITests */,
				81930A1D2CFDC59600166E3C /* Products */,
				CEF7EDCCF90C4833A1E34346 /* Pods */,
				462EEDC934B26DDA162D3F8E /* Frameworks */,
			);
			sourceTree = "<group>";
		};
		81930A1D2CFDC59600166E3C /* Products */ = {
			isa = PBXGroup;
			children = (
				81930A1C2CFDC59600166E3C /* CryptoExplorer.app */,
				81930A352CFDC59800166E3C /* CryptoExplorerTests.xctest */,
				81930A3F2CFDC59900166E3C /* CryptoExplorerUITests.xctest */,
			);
			name = Products;
			sourceTree = "<group>";
		};
		81930A1E2CFDC59600166E3C /* CryptoExplorer */ = {
			isa = PBXGroup;
			children = (
				81930A1F2CFDC59600166E3C /* AppDelegate.swift */,
				81930A212CFDC59600166E3C /* SceneDelegate.swift */,
				81930A232CFDC59600166E3C /* CryptoListViewController.swift */,
				81930A2B2CFDC59800166E3C /* Assets.xcassets */,
				81930A2D2CFDC59800166E3C /* LaunchScreen.storyboard */,
				81930A302CFDC59800166E3C /* Info.plist */,
				81930A282CFDC59600166E3C /* CryptoExplorer.xcdatamodeld */,
			);
			path = CryptoExplorer;
			sourceTree = "<group>";
		};
		81930A382CFDC59800166E3C /* CryptoExplorerTests */ = {
			isa = PBXGroup;
			children = (
				81930A392CFDC59800166E3C /* CryptoExplorerTests.swift */,
			);
			path = CryptoExplorerTests;
			sourceTree = "<group>";
		};
		81930A422CFDC59900166E3C /* CryptoExplorerUITests */ = {
			isa = PBXGroup;
			children = (
				81930A432CFDC59900166E3C /* CryptoExplorerUITests.swift */,
				81930A452CFDC59900166E3C /* CryptoExplorerUITestsLaunchTests.swift */,
			);
			path = CryptoExplorerUITests;
			sourceTree = "<group>";
		};
		CEF7EDCCF90C4833A1E34346 /* Pods */ = {
			isa = PBXGroup;
			children = (
				26958C88EF28593F5449E475 /* Pods-CryptoExplorer.debug.xcconfig */,
				C9CFAFC3955FE897A8910F59 /* Pods-CryptoExplorer.release.xcconfig */,
				7ECDC61868B67449ABE16855 /* Pods-CryptoExplorer-CryptoExplorerUITests.debug.xcconfig */,
				25A17828CA11E32506D46086 /* Pods-CryptoExplorer-CryptoExplorerUITests.release.xcconfig */,
				3E384FF395F62A973CDC8B84 /* Pods-CryptoExplorerTests.debug.xcconfig */,
				06B7C7C31F35CA67DBBCF4BD /* Pods-CryptoExplorerTests.release.xcconfig */,
			);
			name = Pods;
			path = Pods;
			sourceTree = "<group>";
		};
/* End PBXGroup section */

/* Begin PBXNativeTarget section */
		81930A1B2CFDC59600166E3C /* CryptoExplorer */ = {
			isa = PBXNativeTarget;
			buildConfigurationList = 81930A492CFDC59900166E3C /* Build configuration list for PBXNativeTarget "CryptoExplorer" */;
			buildPhases = (
				40FF3FF0C82DC7FAEEC1A91B /* [CP] Check Pods Manifest.lock */,
				81930A182CFDC59600166E3C /* Sources */,
				81930A192CFDC59600166E3C /* Frameworks */,
				81930A1A2CFDC59600166E3C /* Resources */,
			);
			buildRules = (
			);
			dependencies = (
			);
			name = CryptoExplorer;
			productName = CryptoExplorer;
			productReference = 81930A1C2CFDC59600166E3C /* CryptoExplorer.app */;
			productType = "com.apple.product-type.application";
		};
		81930A342CFDC59800166E3C /* CryptoExplorerTests */ = {
			isa = PBXNativeTarget;
			buildConfigurationList = 81930A4C2CFDC59900166E3C /* Build configuration list for PBXNativeTarget "CryptoExplorerTests" */;
			buildPhases = (
				9B5FB5D70C886C8AE61CC628 /* [CP] Check Pods Manifest.lock */,
				81930A312CFDC59800166E3C /* Sources */,
				81930A322CFDC59800166E3C /* Frameworks */,
				81930A332CFDC59800166E3C /* Resources */,
			);
			buildRules = (
			);
			dependencies = (
				81930A372CFDC59800166E3C /* PBXTargetDependency */,
			);
			name = CryptoExplorerTests;
			productName = CryptoExplorerTests;
			productReference = 81930A352CFDC59800166E3C /* CryptoExplorerTests.xctest */;
			productType = "com.apple.product-type.bundle.unit-test";
		};
		81930A3E2CFDC59900166E3C /* CryptoExplorerUITests */ = {
			isa = PBXNativeTarget;
			buildConfigurationList = 81930A4F2CFDC59900166E3C /* Build configuration list for PBXNativeTarget "CryptoExplorerUITests" */;
			buildPhases = (
				12BDDB8F50B46257C469227E /* [CP] Check Pods Manifest.lock */,
				81930A3B2CFDC59900166E3C /* Sources */,
				81930A3C2CFDC59900166E3C /* Frameworks */,
				81930A3D2CFDC59900166E3C /* Resources */,
			);
			buildRules = (
			);
			dependencies = (
				81930A412CFDC59900166E3C /* PBXTargetDependency */,
			);
			name = CryptoExplorerUITests;
			productName = CryptoExplorerUITests;
			productReference = 81930A3F2CFDC59900166E3C /* CryptoExplorerUITests.xctest */;
			productType = "com.apple.product-type.bundle.ui-testing";
		};
/* End PBXNativeTarget section */

/* Begin PBXProject section */
		81930A142CFDC59600166E3C /* Project object */ = {
			isa = PBXProject;
			attributes = {
				BuildIndependentTargetsInParallel = 1;
				LastSwiftUpdateCheck = 1520;
				LastUpgradeCheck = 1520;
				TargetAttributes = {
					81930A1B2CFDC59600166E3C = {
						CreatedOnToolsVersion = 15.2;
					};
					81930A342CFDC59800166E3C = {
						CreatedOnToolsVersion = 15.2;
						TestTargetID = 81930A1B2CFDC59600166E3C;
					};
					81930A3E2CFDC59900166E3C = {
						CreatedOnToolsVersion = 15.2;
						TestTargetID = 81930A1B2CFDC59600166E3C;
					};
				};
			};
			buildConfigurationList = 81930A172CFDC59600166E3C /* Build configuration list for PBXProject "CryptoExplorer" */;
			compatibilityVersion = "Xcode 14.0";
			developmentRegion = en;
			hasScannedForEncodings = 0;
			knownRegions = (
				en,
				Base,
			);
			mainGroup = 81930A132CFDC59600166E3C;
			productRefGroup = 81930A1D2CFDC59600166E3C /* Products */;
			projectDirPath = "";
			projectRoot = "";
			targets = (
				81930A1B2CFDC59600166E3C /* CryptoExplorer */,
				81930A342CFDC59800166E3C /* CryptoExplorerTests */,
				81930A3E2CFDC59900166E3C /* CryptoExplorerUITests */,
			);
		};
/* End PBXProject section */

/* Begin PBXResourcesBuildPhase section */
		81930A1A2CFDC59600166E3C /* Resources */ = {
			isa = PBXResourcesBuildPhase;
			buildActionMask = 2147483647;
			files = (
				81930A2F2CFDC59800166E3C /* LaunchScreen.storyboard in Resources */,
				81930A2C2CFDC59800166E3C /* Assets.xcassets in Resources */,
			);
			runOnlyForDeploymentPostprocessing = 0;
		};
		81930A332CFDC59800166E3C /* Resources */ = {
			isa = PBXResourcesBuildPhase;
			buildActionMask = 2147483647;
			files = (
			);
			runOnlyForDeploymentPostprocessing = 0;
		};
		81930A3D2CFDC59900166E3C /* Resources */ = {
			isa = PBXResourcesBuildPhase;
			buildActionMask = 2147483647;
			files = (
			);
			runOnlyForDeploymentPostprocessing = 0;
		};
/* End PBXResourcesBuildPhase section */

/* Begin PBXShellScriptBuildPhase section */
		12BDDB8F50B46257C469227E /* [CP] Check Pods Manifest.lock */ = {
			isa = PBXShellScriptBuildPhase;
			buildActionMask = 2147483647;
			files = (
			);
			inputFileListPaths = (
			);
			inputPaths = (
				"${PODS_PODFILE_DIR_PATH}/Podfile.lock",
				"${PODS_ROOT}/Manifest.lock",
			);
			name = "[CP] Check Pods Manifest.lock";
			outputFileListPaths = (
			);
			outputPaths = (
				"$(DERIVED_FILE_DIR)/Pods-CryptoExplorer-CryptoExplorerUITests-checkManifestLockResult.txt",
			);
			runOnlyForDeploymentPostprocessing = 0;
			shellPath = /bin/sh;
			shellScript = "diff \"${PODS_PODFILE_DIR_PATH}/Podfile.lock\" \"${PODS_ROOT}/Manifest.lock\" > /dev/null\nif [ $? != 0 ] ; then\n    # print error to STDERR\n    echo \"error: The sandbox is not in sync with the Podfile.lock. Run 'pod install' or update your CocoaPods installation.\" >&2\n    exit 1\nfi\n# This output is used by Xcode 'outputs' to avoid re-running this script phase.\necho \"SUCCESS\" > \"${SCRIPT_OUTPUT_FILE_0}\"\n";
			showEnvVarsInLog = 0;
		};
		40FF3FF0C82DC7FAEEC1A91B /* [CP] Check Pods Manifest.lock */ = {
			isa = PBXShellScriptBuildPhase;
			buildActionMask = 2147483647;
			files = (
			);
			inputFileListPaths = (
			);
			inputPaths = (
				"${PODS_PODFILE_DIR_PATH}/Podfile.lock",
				"${PODS_ROOT}/Manifest.lock",
			);
			name = "[CP] Check Pods Manifest.lock";
			outputFileListPaths = (
			);
			outputPaths = (
				"$(DERIVED_FILE_DIR)/Pods-CryptoExplorer-checkManifestLockResult.txt",
			);
			runOnlyForDeploymentPostprocessing = 0;
			shellPath = /bin/sh;
			shellScript = "diff \"${PODS_PODFILE_DIR_PATH}/Podfile.lock\" \"${PODS_ROOT}/Manifest.lock\" > /dev/null\nif [ $? != 0 ] ; then\n    # print error to STDERR\n    echo \"error: The sandbox is not in sync with the Podfile.lock. Run 'pod install' or update your CocoaPods installation.\" >&2\n    exit 1\nfi\n# This output is used by Xcode 'outputs' to avoid re-running this script phase.\necho \"SUCCESS\" > \"${SCRIPT_OUTPUT_FILE_0}\"\n";
			showEnvVarsInLog = 0;
		};
		9B5FB5D70C886C8AE61CC628 /* [CP] Check Pods Manifest.lock */ = {
			isa = PBXShellScriptBuildPhase;
			buildActionMask = 2147483647;
			files = (
			);
			inputFileListPaths = (
			);
			inputPaths = (
				"${PODS_PODFILE_DIR_PATH}/Podfile.lock",
				"${PODS_ROOT}/Manifest.lock",
			);
			name = "[CP] Check Pods Manifest.lock";
			outputFileListPaths = (
			);
			outputPaths = (
				"$(DERIVED_FILE_DIR)/Pods-CryptoExplorerTests-checkManifestLockResult.txt",
			);
			runOnlyForDeploymentPostprocessing = 0;
			shellPath = /bin/sh;
			shellScript = "diff \"${PODS_PODFILE_DIR_PATH}/Podfile.lock\" \"${PODS_ROOT}/Manifest.lock\" > /dev/null\nif [ $? != 0 ] ; then\n    # print error to STDERR\n    echo \"error: The sandbox is not in sync with the Podfile.lock. Run 'pod install' or update your CocoaPods installation.\" >&2\n    exit 1\nfi\n# This output is used by Xcode 'outputs' to avoid re-running this script phase.\necho \"SUCCESS\" > \"${SCRIPT_OUTPUT_FILE_0}\"\n";
			showEnvVarsInLog = 0;
		};
/* End PBXShellScriptBuildPhase section */

/* Begin PBXSourcesBuildPhase section */
		81930A182CFDC59600166E3C /* Sources */ = {
			isa = PBXSourcesBuildPhase;
			buildActionMask = 2147483647;
			files = (
				81930A242CFDC59600166E3C /* CryptoListViewController.swift in Sources */,
				81930A2A2CFDC59600166E3C /* CryptoExplorer.xcdatamodeld in Sources */,
				81930A202CFDC59600166E3C /* AppDelegate.swift in Sources */,
				81930A222CFDC59600166E3C /* SceneDelegate.swift in Sources */,
			);
			runOnlyForDeploymentPostprocessing = 0;
		};
		81930A312CFDC59800166E3C /* Sources */ = {
			isa = PBXSourcesBuildPhase;
			buildActionMask = 2147483647;
			files = (
				81930A3A2CFDC59800166E3C /* CryptoExplorerTests.swift in Sources */,
			);
			runOnlyForDeploymentPostprocessing = 0;
		};
		81930A3B2CFDC59900166E3C /* Sources */ = {
			isa = PBXSourcesBuildPhase;
			buildActionMask = 2147483647;
			files = (
				81930A462CFDC59900166E3C /* CryptoExplorerUITestsLaunchTests.swift in Sources */,
				81930A442CFDC59900166E3C /* CryptoExplorerUITests.swift in Sources */,
			);
			runOnlyForDeploymentPostprocessing = 0;
		};
/* End PBXSourcesBuildPhase section */

/* Begin PBXTargetDependency section */
		81930A372CFDC59800166E3C /* PBXTargetDependency */ = {
			isa = PBXTargetDependency;
			target = 81930A1B2CFDC59600166E3C /* CryptoExplorer */;
			targetProxy = 81930A362CFDC59800166E3C /* PBXContainerItemProxy */;
		};
		81930A412CFDC59900166E3C /* PBXTargetDependency */ = {
			isa = PBXTargetDependency;
			target = 81930A1B2CFDC59600166E3C /* CryptoExplorer */;
			targetProxy = 81930A402CFDC59900166E3C /* PBXContainerItemProxy */;
		};
/* End PBXTargetDependency section */

/* Begin PBXVariantGroup section */
		81930A2D2CFDC59800166E3C /* LaunchScreen.storyboard */ = {
			isa = PBXVariantGroup;
			children = (
				81930A2E2CFDC59800166E3C /* Base */,
			);
			name = LaunchScreen.storyboard;
			sourceTree = "<group>";
		};
/* End PBXVariantGroup section */

/* Begin XCBuildConfiguration section */
		81930A472CFDC59900166E3C /* Debug */ = {
			isa = XCBuildConfiguration;
			buildSettings = {
				ALWAYS_SEARCH_USER_PATHS = NO;
				ASSETCATALOG_COMPILER_GENERATE_SWIFT_ASSET_SYMBOL_EXTENSIONS = YES;
				CLANG_ANALYZER_NONNULL = YES;
				CLANG_ANALYZER_NUMBER_OBJECT_CONVERSION = YES_AGGRESSIVE;
				CLANG_CXX_LANGUAGE_STANDARD = "gnu++20";
				CLANG_ENABLE_MODULES = YES;
				CLANG_ENABLE_OBJC_ARC = YES;
				CLANG_ENABLE_OBJC_WEAK = YES;
				CLANG_WARN_BLOCK_CAPTURE_AUTORELEASING = YES;
				CLANG_WARN_BOOL_CONVERSION = YES;
				CLANG_WARN_COMMA = YES;
				CLANG_WARN_CONSTANT_CONVERSION = YES;
				CLANG_WARN_DEPRECATED_OBJC_IMPLEMENTATIONS = YES;
				CLANG_WARN_DIRECT_OBJC_ISA_USAGE = YES_ERROR;
				CLANG_WARN_DOCUMENTATION_COMMENTS = YES;
				CLANG_WARN_EMPTY_BODY = YES;
				CLANG_WARN_ENUM_CONVERSION = YES;
				CLANG_WARN_INFINITE_RECURSION = YES;
				CLANG_WARN_INT_CONVERSION = YES;
				CLANG_WARN_NON_LITERAL_NULL_CONVERSION = YES;
				CLANG_WARN_OBJC_IMPLICIT_RETAIN_SELF = YES;
				CLANG_WARN_OBJC_LITERAL_CONVERSION = YES;
				CLANG_WARN_OBJC_ROOT_CLASS = YES_ERROR;
				CLANG_WARN_QUOTED_INCLUDE_IN_FRAMEWORK_HEADER = YES;
				CLANG_WARN_RANGE_LOOP_ANALYSIS = YES;
				CLANG_WARN_STRICT_PROTOTYPES = YES;
				CLANG_WARN_SUSPICIOUS_MOVE = YES;
				CLANG_WARN_UNGUARDED_AVAILABILITY = YES_AGGRESSIVE;
				CLANG_WARN_UNREACHABLE_CODE = YES;
				CLANG_WARN__DUPLICATE_METHOD_MATCH = YES;
				COPY_PHASE_STRIP = NO;
				DEBUG_INFORMATION_FORMAT = dwarf;
				ENABLE_STRICT_OBJC_MSGSEND = YES;
				ENABLE_TESTABILITY = YES;
				ENABLE_USER_SCRIPT_SANDBOXING = YES;
				GCC_C_LANGUAGE_STANDARD = gnu17;
				GCC_DYNAMIC_NO_PIC = NO;
				GCC_NO_COMMON_BLOCKS = YES;
				GCC_OPTIMIZATION_LEVEL = 0;
				GCC_PREPROCESSOR_DEFINITIONS = (
					"DEBUG=1",
					"$(inherited)",
				);
				GCC_WARN_64_TO_32_BIT_CONVERSION = YES;
				GCC_WARN_ABOUT_RETURN_TYPE = YES_ERROR;
				GCC_WARN_UNDECLARED_SELECTOR = YES;
				GCC_WARN_UNINITIALIZED_AUTOS = YES_AGGRESSIVE;
				GCC_WARN_UNUSED_FUNCTION = YES;
				GCC_WARN_UNUSED_VARIABLE = YES;
				IPHONEOS_DEPLOYMENT_TARGET = 17.2;
				LOCALIZATION_PREFERS_STRING_CATALOGS = YES;
				MTL_ENABLE_DEBUG_INFO = INCLUDE_SOURCE;
				MTL_FAST_MATH = YES;
				ONLY_ACTIVE_ARCH = YES;
				SDKROOT = iphoneos;
				SWIFT_ACTIVE_COMPILATION_CONDITIONS = "DEBUG $(inherited)";
				SWIFT_OPTIMIZATION_LEVEL = "-Onone";
			};
			name = Debug;
		};
		81930A482CFDC59900166E3C /* Release */ = {
			isa = XCBuildConfiguration;
			buildSettings = {
				ALWAYS_SEARCH_USER_PATHS = NO;
				ASSETCATALOG_COMPILER_GENERATE_SWIFT_ASSET_SYMBOL_EXTENSIONS = YES;
				CLANG_ANALYZER_NONNULL = YES;
				CLANG_ANALYZER_NUMBER_OBJECT_CONVERSION = YES_AGGRESSIVE;
				CLANG_CXX_LANGUAGE_STANDARD = "gnu++20";
				CLANG_ENABLE_MODULES = YES;
				CLANG_ENABLE_OBJC_ARC = YES;
				CLANG_ENABLE_OBJC_WEAK = YES;
				CLANG_WARN_BLOCK_CAPTURE_AUTORELEASING = YES;
				CLANG_WARN_BOOL_CONVERSION = YES;
				CLANG_WARN_COMMA = YES;
				CLANG_WARN_CONSTANT_CONVERSION = YES;
				CLANG_WARN_DEPRECATED_OBJC_IMPLEMENTATIONS = YES;
				CLANG_WARN_DIRECT_OBJC_ISA_USAGE = YES_ERROR;
				CLANG_WARN_DOCUMENTATION_COMMENTS = YES;
				CLANG_WARN_EMPTY_BODY = YES;
				CLANG_WARN_ENUM_CONVERSION = YES;
				CLANG_WARN_INFINITE_RECURSION = YES;
				CLANG_WARN_INT_CONVERSION = YES;
				CLANG_WARN_NON_LITERAL_NULL_CONVERSION = YES;
				CLANG_WARN_OBJC_IMPLICIT_RETAIN_SELF = YES;
				CLANG_WARN_OBJC_LITERAL_CONVERSION = YES;
				CLANG_WARN_OBJC_ROOT_CLASS = YES_ERROR;
				CLANG_WARN_QUOTED_INCLUDE_IN_FRAMEWORK_HEADER = YES;
				CLANG_WARN_RANGE_LOOP_ANALYSIS = YES;
				CLANG_WARN_STRICT_PROTOTYPES = YES;
				CLANG_WARN_SUSPICIOUS_MOVE = YES;
				CLANG_WARN_UNGUARDED_AVAILABILITY = YES_AGGRESSIVE;
				CLANG_WARN_UNREACHABLE_CODE = YES;
				CLANG_WARN__DUPLICATE_METHOD_MATCH = YES;
				COPY_PHASE_STRIP = NO;
				DEBUG_INFORMATION_FORMAT = "dwarf-with-dsym";
				ENABLE_NS_ASSERTIONS = NO;
				ENABLE_STRICT_OBJC_MSGSEND = YES;
				ENABLE_USER_SCRIPT_SANDBOXING = YES;
				GCC_C_LANGUAGE_STANDARD = gnu17;
				GCC_NO_COMMON_BLOCKS = YES;
				GCC_WARN_64_TO_32_BIT_CONVERSION = YES;
				GCC_WARN_ABOUT_RETURN_TYPE = YES_ERROR;
				GCC_WARN_UNDECLARED_SELECTOR = YES;
				GCC_WARN_UNINITIALIZED_AUTOS = YES_AGGRESSIVE;
				GCC_WARN_UNUSED_FUNCTION = YES;
				GCC_WARN_UNUSED_VARIABLE = YES;
				IPHONEOS_DEPLOYMENT_TARGET = 17.2;
				LOCALIZATION_PREFERS_STRING_CATALOGS = YES;
				MTL_ENABLE_DEBUG_INFO = NO;
				MTL_FAST_MATH = YES;
				SDKROOT = iphoneos;
				SWIFT_COMPILATION_MODE = wholemodule;
				VALIDATE_PRODUCT = YES;
			};
			name = Release;
		};
		81930A4A2CFDC59900166E3C /* Debug */ = {
			isa = XCBuildConfiguration;
			baseConfigurationReference = 26958C88EF28593F5449E475 /* Pods-CryptoExplorer.debug.xcconfig */;
			buildSettings = {
				ASSETCATALOG_COMPILER_APPICON_NAME = AppIcon;
				ASSETCATALOG_COMPILER_GLOBAL_ACCENT_COLOR_NAME = AccentColor;
				CODE_SIGN_STYLE = Automatic;
				CURRENT_PROJECT_VERSION = 1;
				GENERATE_INFOPLIST_FILE = YES;
				INFOPLIST_FILE = CryptoExplorer/Info.plist;
				INFOPLIST_KEY_UIApplicationSupportsIndirectInputEvents = YES;
				INFOPLIST_KEY_UILaunchStoryboardName = LaunchScreen;
				INFOPLIST_KEY_UISupportedInterfaceOrientations_iPad = "UIInterfaceOrientationPortrait UIInterfaceOrientationPortraitUpsideDown UIInterfaceOrientationLandscapeLeft UIInterfaceOrientationLandscapeRight";
				INFOPLIST_KEY_UISupportedInterfaceOrientations_iPhone = "UIInterfaceOrientationPortrait UIInterfaceOrientationLandscapeLeft UIInterfaceOrientationLandscapeRight";
				IPHONEOS_DEPLOYMENT_TARGET = 12.0;
				LD_RUNPATH_SEARCH_PATHS = (
					"$(inherited)",
					"@executable_path/Frameworks",
				);
				MARKETING_VERSION = 1.0;
				PRODUCT_BUNDLE_IDENTIFIER = shashiRkumar.CryptoExplorer;
				PRODUCT_NAME = "$(TARGET_NAME)";
				SWIFT_EMIT_LOC_STRINGS = YES;
				SWIFT_VERSION = 5.0;
				TARGETED_DEVICE_FAMILY = "1,2";
			};
			name = Debug;
		};
		81930A4B2CFDC59900166E3C /* Release */ = {
			isa = XCBuildConfiguration;
			baseConfigurationReference = C9CFAFC3955FE897A8910F59 /* Pods-CryptoExplorer.release.xcconfig */;
			buildSettings = {
				ASSETCATALOG_COMPILER_APPICON_NAME = AppIcon;
				ASSETCATALOG_COMPILER_GLOBAL_ACCENT_COLOR_NAME = AccentColor;
				CODE_SIGN_STYLE = Automatic;
				CURRENT_PROJECT_VERSION = 1;
				GENERATE_INFOPLIST_FILE = YES;
				INFOPLIST_FILE = CryptoExplorer/Info.plist;
				INFOPLIST_KEY_UIApplicationSupportsIndirectInputEvents = YES;
				INFOPLIST_KEY_UILaunchStoryboardName = LaunchScreen;
				INFOPLIST_KEY_UISupportedInterfaceOrientations_iPad = "UIInterfaceOrientationPortrait UIInterfaceOrientationPortraitUpsideDown UIInterfaceOrientationLandscapeLeft UIInterfaceOrientationLandscapeRight";
				INFOPLIST_KEY_UISupportedInterfaceOrientations_iPhone = "UIInterfaceOrientationPortrait UIInterfaceOrientationLandscapeLeft UIInterfaceOrientationLandscapeRight";
				IPHONEOS_DEPLOYMENT_TARGET = 12.0;
				LD_RUNPATH_SEARCH_PATHS = (
					"$(inherited)",
					"@executable_path/Frameworks",
				);
				MARKETING_VERSION = 1.0;
				PRODUCT_BUNDLE_IDENTIFIER = shashiRkumar.CryptoExplorer;
				PRODUCT_NAME = "$(TARGET_NAME)";
				SWIFT_EMIT_LOC_STRINGS = YES;
				SWIFT_VERSION = 5.0;
				TARGETED_DEVICE_FAMILY = "1,2";
			};
			name = Release;
		};
		81930A4D2CFDC59900166E3C /* Debug */ = {
			isa = XCBuildConfiguration;
			baseConfigurationReference = 3E384FF395F62A973CDC8B84 /* Pods-CryptoExplorerTests.debug.xcconfig */;
			buildSettings = {
				ALWAYS_EMBED_SWIFT_STANDARD_LIBRARIES = YES;
				BUNDLE_LOADER = "$(TEST_HOST)";
				CODE_SIGN_STYLE = Automatic;
				CURRENT_PROJECT_VERSION = 1;
				GENERATE_INFOPLIST_FILE = YES;
				IPHONEOS_DEPLOYMENT_TARGET = 17.2;
				MARKETING_VERSION = 1.0;
				PRODUCT_BUNDLE_IDENTIFIER = shashiRkumar.CryptoExplorerTests;
				PRODUCT_NAME = "$(TARGET_NAME)";
				SWIFT_EMIT_LOC_STRINGS = NO;
				SWIFT_VERSION = 5.0;
				TARGETED_DEVICE_FAMILY = "1,2";
				TEST_HOST = "$(BUILT_PRODUCTS_DIR)/CryptoExplorer.app/$(BUNDLE_EXECUTABLE_FOLDER_PATH)/CryptoExplorer";
			};
			name = Debug;
		};
		81930A4E2CFDC59900166E3C /* Release */ = {
			isa = XCBuildConfiguration;
			baseConfigurationReference = 06B7C7C31F35CA67DBBCF4BD /* Pods-CryptoExplorerTests.release.xcconfig */;
			buildSettings = {
				ALWAYS_EMBED_SWIFT_STANDARD_LIBRARIES = YES;
				BUNDLE_LOADER = "$(TEST_HOST)";
				CODE_SIGN_STYLE = Automatic;
				CURRENT_PROJECT_VERSION = 1;
				GENERATE_INFOPLIST_FILE = YES;
				IPHONEOS_DEPLOYMENT_TARGET = 17.2;
				MARKETING_VERSION = 1.0;
				PRODUCT_BUNDLE_IDENTIFIER = shashiRkumar.CryptoExplorerTests;
				PRODUCT_NAME = "$(TARGET_NAME)";
				SWIFT_EMIT_LOC_STRINGS = NO;
				SWIFT_VERSION = 5.0;
				TARGETED_DEVICE_FAMILY = "1,2";
				TEST_HOST = "$(BUILT_PRODUCTS_DIR)/CryptoExplorer.app/$(BUNDLE_EXECUTABLE_FOLDER_PATH)/CryptoExplorer";
			};
			name = Release;
		};
		81930A502CFDC59900166E3C /* Debug */ = {
			isa = XCBuildConfiguration;
			baseConfigurationReference = 7ECDC61868B67449ABE16855 /* Pods-CryptoExplorer-CryptoExplorerUITests.debug.xcconfig */;
			buildSettings = {
				ALWAYS_EMBED_SWIFT_STANDARD_LIBRARIES = YES;
				CODE_SIGN_STYLE = Automatic;
				CURRENT_PROJECT_VERSION = 1;
				GENERATE_INFOPLIST_FILE = YES;
				MARKETING_VERSION = 1.0;
				PRODUCT_BUNDLE_IDENTIFIER = shashiRkumar.CryptoExplorerUITests;
				PRODUCT_NAME = "$(TARGET_NAME)";
				SWIFT_EMIT_LOC_STRINGS = NO;
				SWIFT_VERSION = 5.0;
				TARGETED_DEVICE_FAMILY = "1,2";
				TEST_TARGET_NAME = CryptoExplorer;
			};
			name = Debug;
		};
		81930A512CFDC59900166E3C /* Release */ = {
			isa = XCBuildConfiguration;
			baseConfigurationReference = 25A17828CA11E32506D46086 /* Pods-CryptoExplorer-CryptoExplorerUITests.release.xcconfig */;
			buildSettings = {
				ALWAYS_EMBED_SWIFT_STANDARD_LIBRARIES = YES;
				CODE_SIGN_STYLE = Automatic;
				CURRENT_PROJECT_VERSION = 1;
				GENERATE_INFOPLIST_FILE = YES;
				MARKETING_VERSION = 1.0;
				PRODUCT_BUNDLE_IDENTIFIER = shashiRkumar.CryptoExplorerUITests;
				PRODUCT_NAME = "$(TARGET_NAME)";
				SWIFT_EMIT_LOC_STRINGS = NO;
				SWIFT_VERSION = 5.0;
				TARGETED_DEVICE_FAMILY = "1,2";
				TEST_TARGET_NAME = CryptoExplorer;
			};
			name = Release;
		};
/* End XCBuildConfiguration section */

/* Begin XCConfigurationList section */
		81930A172CFDC59600166E3C /* Build configuration list for PBXProject "CryptoExplorer" */ = {
			isa = XCConfigurationList;
			buildConfigurations = (
				81930A472CFDC59900166E3C /* Debug */,
				81930A482CFDC59900166E3C /* Release */,
			);
			defaultConfigurationIsVisible = 0;
			defaultConfigurationName = Release;
		};
		81930A492CFDC59900166E3C /* Build configuration list for PBXNativeTarget "CryptoExplorer" */ = {
			isa = XCConfigurationList;
			buildConfigurations = (
				81930A4A2CFDC59900166E3C /* Debug */,
				81930A4B2CFDC59900166E3C /* Release */,
			);
			defaultConfigurationIsVisible = 0;
			defaultConfigurationName = Release;
		};
		81930A4C2CFDC59900166E3C /* Build configuration list for PBXNativeTarget "CryptoExplorerTests" */ = {
			isa = XCConfigurationList;
			buildConfigurations = (
				81930A4D2CFDC59900166E3C /* Debug */,
				81930A4E2CFDC59900166E3C /* Release */,
			);
			defaultConfigurationIsVisible = 0;
			defaultConfigurationName = Release;
		};
		81930A4F2CFDC59900166E3C /* Build configuration list for PBXNativeTarget "CryptoExplorerUITests" */ = {
			isa = XCConfigurationList;
			buildConfigurations = (
				81930A502CFDC59900166E3C /* Debug */,
				81930A512CFDC59900166E3C /* Release */,
			);
			defaultConfigurationIsVisible = 0;
			defaultConfigurationName = Release;
		};
/* End XCConfigurationList section */

/* Begin XCVersionGroup section */
		81930A282CFDC59600166E3C /* CryptoExplorer.xcdatamodeld */ = {
			isa = XCVersionGroup;
			children = (
				81930A292CFDC59600166E3C /* CryptoExplorer.xcdatamodel */,
			);
			currentVersion = 81930A292CFDC59600166E3C /* CryptoExplorer.xcdatamodel */;
			path = CryptoExplorer.xcdatamodeld;
			sourceTree = "<group>";
			versionGroupType = wrapper.xcdatamodel;
		};
/* End XCVersionGroup section */
	};
	rootObject = 81930A142CFDC59600166E3C /* Project object */;
}
